
Microsoft Visual Studio Solution File, Format Version 12.00
# Visual Studio Version 16
VisualStudioVersion = 16.0.29102.190
MinimumVisualStudioVersion = 10.0.40219.1
Project("{FAE04EC0-301F-11D3-BF4B-00C04F79EFBC}") = "MountainMobile.Android", "MountainMobile.Android\MountainMobile.Android.csproj", "{0EFA731B-17A3-4BB7-91DF-85F11A7A1C41}"
EndProject
Project("{FAE04EC0-301F-11D3-BF4B-00C04F79EFBC}") = "MountainMobile.iOS", "MountainMobile.iOS\MountainMobile.iOS.csproj", "{F5ABFA36-19D7-4CA1-A417-461F0653EB5F}"
EndProject
Project("{FAE04EC0-301F-11D3-BF4B-00C04F79EFBC}") = "MountainMobile", "MountainMobile\MountainMobile.csproj", "{B9125195-4657-42F9-8FFB-B12DBF81186C}"
EndProject
Global
	GlobalSection(SolutionConfigurationPlatforms) = preSolution
		Debug|Any CPU = Debug|Any CPU
		Debug|iPhone = Debug|iPhone
		Debug|iPhoneSimulator = Debug|iPhoneSimulator
		Release|Any CPU = Release|Any CPU
		Release|iPhone = Release|iPhone
		Release|iPhoneSimulator = Release|iPhoneSimulator
	EndGlobalSection
	GlobalSection(ProjectConfigurationPlatforms) = postSolution
		{0EFA731B-17A3-4BB7-91DF-85F11A7A1C41}.Debug|Any CPU.ActiveCfg = Debug|Any CPU
		{0EFA731B-17A3-4BB7-91DF-85F11A7A1C41}.Debug|Any CPU.Build.0 = Debug|Any CPU
		{0EFA731B-17A3-4BB7-91DF-85F11A7A1C41}.Debug|Any CPU.Deploy.0 = Debug|Any CPU
		{0EFA731B-17A3-4BB7-91DF-85F11A7A1C41}.Debug|iPhone.ActiveCfg = Debug|Any CPU
		{0EFA731B-17A3-4BB7-91DF-85F11A7A1C41}.Debug|iPhone.Build.0 = Debug|Any CPU
		{0EFA731B-17A3-4BB7-91DF-85F11A7A1C41}.Debug|iPhone.Deploy.0 = Debug|Any CPU
		{0EFA731B-17A3-4BB7-91DF-85F11A7A1C41}.Debug|iPhoneSimulator.ActiveCfg = Debug|Any CPU
		{0EFA731B-17A3-4BB7-91DF-85F11A7A1C41}.Debug|iPhoneSimulator.Build.0 = Debug|Any CPU
		{0EFA731B-17A3-4BB7-91DF-85F11A7A1C41}.Debug|iPhoneSimulator.Deploy.0 = Debug|Any CPU
		{0EFA731B-17A3-4BB7-91DF-85F11A7A1C41}.Release|Any CPU.ActiveCfg = Release|Any CPU
		{0EFA731B-17A3-4BB7-91DF-85F11A7A1C41}.Release|Any CPU.Build.0 = Release|Any CPU
		{0EFA731B-17A3-4BB7-91DF-85F11A7A1C41}.Release|Any CPU.Deploy.0 = Release|Any CPU
		{0EFA731B-17A3-4BB7-91DF-85F11A7A1C41}.Release|iPhone.ActiveCfg = Release|Any CPU
		{0EFA731B-17A3-4BB7-91DF-85F11A7A1C41}.Release|iPhone.Build.0 = Release|Any CPU
		{0EFA731B-17A3-4BB7-91DF-85F11A7A1C41}.Release|iPhone.Deploy.0 = Release|Any CPU
		{0EFA731B-17A3-4BB7-91DF-85F11A7A1C41}.Release|iPhoneSimulator.ActiveCfg = Release|Any CPU
		{0EFA731B-17A3-4BB7-91DF-85F11A7A1C41}.Release|iPhoneSimulator.Build.0 = Release|Any CPU
		{0EFA731B-17A3-4BB7-91DF-85F11A7A1C41}.Release|iPhoneSimulator.Deploy.0 = Release|Any CPU
		{F5ABFA36-19D7-4CA1-A417-461F0653EB5F}.Debug|Any CPU.ActiveCfg = Debug|iPhoneSimulator
		{F5ABFA36-19D7-4CA1-A417-461F0653EB5F}.Debug|Any CPU.Build.0 = Debug|iPhoneSimulator
		{F5ABFA36-19D7-4CA1-A417-461F0653EB5F}.Debug|Any CPU.Deploy.0 = Debug|iPhoneSimulator
		{F5ABFA36-19D7-4CA1-A417-461F0653EB5F}.Debug|iPhone.ActiveCfg = Debug|iPhone
		{F5ABFA36-19D7-4CA1-A417-461F0653EB5F}.Debug|iPhone.Build.0 = Debug|iPhone
		{F5ABFA36-19D7-4CA1-A417-461F0653EB5F}.Debug|iPhone.Deploy.0 = Debug|iPhone
		{F5ABFA36-19D7-4CA1-A417-461F0653EB5F}.Debug|iPhoneSimulator.ActiveCfg = Debug|iPhoneSimulator
		{F5ABFA36-19D7-4CA1-A417-461F0653EB5F}.Debug|iPhoneSimulator.Build.0 = Debug|iPhoneSimulator
		{F5ABFA36-19D7-4CA1-A417-461F0653EB5F}.Debug|iPhoneSimulator.Deploy.0 = Debug|iPhoneSimulator
		{F5ABFA36-19D7-4CA1-A417-461F0653EB5F}.Release|Any CPU.ActiveCfg = Release|iPhone
		{F5ABFA36-19D7-4CA1-A417-461F0653EB5F}.Release|Any CPU.Build.0 = Release|iPhone
		{F5ABFA36-19D7-4CA1-A417-461F0653EB5F}.Release|Any CPU.Deploy.0 = Release|iPhone
		{F5ABFA36-19D7-4CA1-A417-461F0653EB5F}.Release|iPhone.ActiveCfg = Release|iPhone
		{F5ABFA36-19D7-4CA1-A417-461F0653EB5F}.Release|iPhone.Build.0 = Release|iPhone
		{F5ABFA36-19D7-4CA1-A417-461F0653EB5F}.Release|iPhone.Deploy.0 = Release|iPhone
		{F5ABFA36-19D7-4CA1-A417-461F0653EB5F}.Release|iPhoneSimulator.ActiveCfg = Release|iPhoneSimulator
		{F5ABFA36-19D7-4CA1-A417-461F0653EB5F}.Release|iPhoneSimulator.Build.0 = Release|iPhoneSimulator
		{F5ABFA36-19D7-4CA1-A417-461F0653EB5F}.Release|iPhoneSimulator.Deploy.0 = Release|iPhoneSimulator
		{B9125195-4657-42F9-8FFB-B12DBF81186C}.Debug|Any CPU.ActiveCfg = Debug|Any CPU
		{B9125195-4657-42F9-8FFB-B12DBF81186C}.Debug|Any CPU.Build.0 = Debug|Any CPU
		{B9125195-4657-42F9-8FFB-B12DBF81186C}.Debug|Any CPU.Deploy.0 = Debug|Any CPU
		{B9125195-4657-42F9-8FFB-B12DBF81186C}.Debug|iPhone.ActiveCfg = Debug|Any CPU
		{B9125195-4657-42F9-8FFB-B12DBF81186C}.Debug|iPhone.Build.0 = Debug|Any CPU
		{B9125195-4657-42F9-8FFB-B12DBF81186C}.Debug|iPhone.Deploy.0 = Debug|Any CPU
		{B9125195-4657-42F9-8FFB-B12DBF81186C}.Debug|iPhoneSimulator.ActiveCfg = Debug|Any CPU
		{B9125195-4657-42F9-8FFB-B12DBF81186C}.Debug|iPhoneSimulator.Build.0 = Debug|Any CPU
		{B9125195-4657-42F9-8FFB-B12DBF81186C}.Debug|iPhoneSimulator.Deploy.0 = Debug|Any CPU
		{B9125195-4657-42F9-8FFB-B12DBF81186C}.Release|Any CPU.ActiveCfg = Release|Any CPU
		{B9125195-4657-42F9-8FFB-B12DBF81186C}.Release|Any CPU.Build.0 = Release|Any CPU
		{B9125195-4657-42F9-8FFB-B12DBF81186C}.Release|Any CPU.Deploy.0 = Release|Any CPU
		{B9125195-4657-42F9-8FFB-B12DBF81186C}.Release|iPhone.ActiveCfg = Release|Any CPU
		{B9125195-4657-42F9-8FFB-B12DBF81186C}.Release|iPhone.Build.0 = Release|Any CPU
		{B9125195-4657-42F9-8FFB-B12DBF81186C}.Release|iPhone.Deploy.0 = Release|Any CPU
		{B9125195-4657-42F9-8FFB-B12DBF81186C}.Release|iPhoneSimulator.ActiveCfg = Release|Any CPU
		{B9125195-4657-42F9-8FFB-B12DBF81186C}.Release|iPhoneSimulator.Build.0 = Release|Any CPU
		{B9125195-4657-42F9-8FFB-B12DBF81186C}.Release|iPhoneSimulator.Deploy.0 = Release|Any CPU
	EndGlobalSection
	GlobalSection(SolutionProperties) = preSolution
		HideSolutionNode = FALSE
	EndGlobalSection
	GlobalSection(ExtensibilityGlobals) = postSolution
		SolutionGuid = {09E0C888-2CC2-4633-B447-23A10656D32E}
	EndGlobalSection
EndGlobal
